{
  "version": 4,
  "terraform_version": "1.15.9",
  "serial": 19,
  "lineage": "8c905ba6-fd17-27bb-7501-bac8866fd797",
  "outputs": {},
  "resources": [
    {
      "mode": "managed",
      "type": "frostmoln_gateway",
      "name": "main",
      "provider": "provider[\"registry.terraform.io/frostmoln/frostmoln\"]",
      "instances": [
        {
          "schema_version": 0,
          "attributes": {
            "acknowledge_connectivity_loss": null,
            "id": "ec7e720d-22b0-43e6-a56d-7dd3dadb802c",
            "mode": "public_ip",
            "origin": "explicit",
            "public_ip_id": null,
            "source_address": "46.246.117.240",
            "status": "active",
            "vpc_id": "ec7e720d-22b0-43e6-a56d-7dd3dadb802c"
          },
          "sensitive_attributes": [],
          "identity_schema_version": 0,
          "dependencies": [
            "frostmoln_vpc.main"
          ]
        }
      ]
    },
    {
      "mode": "managed",
      "type": "frostmoln_vpc",
      "name": "main",
      "provider": "provider[\"registry.terraform.io/frostmoln/frostmoln\"]",
      "instances": [
        {
          "schema_version": 0,
          "attributes": {
            "cidr": "10.0.0.0/16",
            "created_at": "2026-09-21T11:16:59Z",
            "description": null,
            "id": "ec7e720d-22b0-43e6-a56d-7dd3dadb802c",
            "is_default": false,
            "name": "bilcool-dev-vpc",
            "status": "active",
            "subnet_count": 0,
            "tags": null,
            "tags_all": {},
            "timeouts": null,
            "updated_at": "2026-09-21T11:51:14Z"
          },
          "sensitive_attributes": [],
          "identity_schema_version": 0
        }
      ]
    }
  ],
  "check_results": null
}
