{
  "version": 4,
  "terraform_version": "1.15.9",
  "serial": 26,
  "lineage": "8c905ba6-fd17-27bb-7501-bac8866fd797",
  "outputs": {
    "gateway_source_address": {
      "value": "46.246.117.240",
      "type": "string"
    }
  },
  "resources": [
    {
      "mode": "managed",
      "type": "frostmoln_gateway",
      "name": "main",
      "provider": "provider[\"registry.terraform.io/frostmoln/frostmoln\"]",
      "instances": [
        {
          "schema_version": 0,
          "attributes": {
            "acknowledge_connectivity_loss": true,
            "id": "ec7e720d-22b0-43e6-a56d-7dd3dadb802c",
            "mode": "public_ip",
            "origin": "explicit",
            "public_ip_id": null,
            "source_address": "46.246.117.240",
            "status": "active",
            "vpc_id": "ec7e720d-22b0-43e6-a56d-7dd3dadb802c"
          },
          "sensitive_attributes": [],
          "identity_schema_version": 0,
          "dependencies": [
            "frostmoln_vpc.main"
          ]
        }
      ]
    },
    {
      "mode": "managed",
      "type": "frostmoln_postgres_instance",
      "name": "bilcool",
      "provider": "provider[\"registry.terraform.io/frostmoln/frostmoln\"]",
      "instances": [
        {
          "schema_version": 1,
          "attributes": {
            "admin_username": "pgadmin",
            "backup_enabled": true,
            "backup_retention_days": 35,
            "backup_schedule": "0 2 * * *",
            "created_at": "2026-09-21T12:01:59.01683Z",
            "earliest_restorable_time": null,
            "extensions": [],
            "flavor_id": "db.gp1.medium",
            "ha_enabled": false,
            "ha_status": "disabled",
            "id": "f16c1452-2b48-42a7-b2c6-2b0fb2c1e164",
            "latest_restorable_time": null,
            "name": "bilcool-db",
            "parameter_group_id": null,
            "pitr_archive_paused_reason": null,
            "pitr_capable": false,
            "pitr_enabled": false,
            "port": 5432,
            "private_ip": "10.0.1.60",
            "public_ip": null,
            "restore_from": null,
            "status": "running",
            "storage_gb": 100,
            "subnet_id": "2ad833b0-04d3-4247-b415-6cea63aaa68b",
            "tenant_id": "3bc686f4-eaa1-4d1b-afbe-84faa6055249",
            "timeouts": null,
            "updated_at": "2026-09-21T12:05:43.619503Z",
            "version": "16",
            "vpc_id": "ec7e720d-22b0-43e6-a56d-7dd3dadb802c"
          },
          "sensitive_attributes": [],
          "identity_schema_version": 0,
          "dependencies": [
            "frostmoln_subnet.bilcool",
            "frostmoln_vpc.main"
          ]
        }
      ]
    },
    {
      "mode": "managed",
      "type": "frostmoln_security_group",
      "name": "web",
      "provider": "provider[\"registry.terraform.io/frostmoln/frostmoln\"]",
      "instances": [
        {
          "schema_version": 0,
          "attributes": {
            "created_at": "2026-09-21T12:01:30Z",
            "delete_default_egress": false,
            "description": null,
            "id": "bb240f24-542c-4cc2-ac5d-61d40e6ee15b",
            "is_default": false,
            "name": "web",
            "tags": null,
            "tags_all": {},
            "timeouts": null,
            "vpc_id": "ec7e720d-22b0-43e6-a56d-7dd3dadb802c"
          },
          "sensitive_attributes": [],
          "identity_schema_version": 0,
          "dependencies": [
            "frostmoln_vpc.main"
          ]
        }
      ]
    },
    {
      "mode": "managed",
      "type": "frostmoln_security_group_rule",
      "name": "https",
      "provider": "provider[\"registry.terraform.io/frostmoln/frostmoln\"]",
      "instances": [
        {
          "schema_version": 0,
          "attributes": {
            "description": null,
            "direction": "ingress",
            "id": "30f1bdca-30e9-4e76-9e26-4702a026c230",
            "port_range_max": 443,
            "port_range_min": 443,
            "protocol": "tcp",
            "remote_cidr": "0.0.0.0/0",
            "remote_group_id": null,
            "security_group_id": "bb240f24-542c-4cc2-ac5d-61d40e6ee15b",
            "timeouts": null
          },
          "sensitive_attributes": [],
          "identity_schema_version": 0,
          "dependencies": [
            "frostmoln_security_group.web",
            "frostmoln_vpc.main"
          ]
        }
      ]
    },
    {
      "mode": "managed",
      "type": "frostmoln_subnet",
      "name": "bilcool",
      "provider": "provider[\"registry.terraform.io/frostmoln/frostmoln\"]",
      "instances": [
        {
          "schema_version": 0,
          "attributes": {
            "available_ips": 252,
            "cidr": "10.0.1.0/24",
            "created_at": "0001-01-01T00:00:00Z",
            "description": null,
            "dns_servers": [
              "46.246.117.229"
            ],
            "gateway_ip": "10.0.1.1",
            "id": "2ad833b0-04d3-4247-b415-6cea63aaa68b",
            "name": "bilcool_net",
            "status": "active",
            "tags": null,
            "tags_all": {},
            "timeouts": null,
            "vpc_id": "ec7e720d-22b0-43e6-a56d-7dd3dadb802c",
            "zone": "falkenberg"
          },
          "sensitive_attributes": [],
          "identity_schema_version": 0,
          "dependencies": [
            "frostmoln_vpc.main"
          ]
        }
      ]
    },
    {
      "mode": "managed",
      "type": "frostmoln_tenant_default_tags",
      "name": "this",
      "provider": "provider[\"registry.terraform.io/frostmoln/frostmoln\"]",
      "instances": [
        {
          "schema_version": 0,
          "attributes": {
            "apply_to_existing_on_change": false,
            "id": "3bc686f4-eaa1-4d1b-afbe-84faa6055249",
            "tags": {
              "app": "bilcool",
              "env": "dev"
            },
            "tenant_id": "3bc686f4-eaa1-4d1b-afbe-84faa6055249",
            "timeouts": null
          },
          "sensitive_attributes": [],
          "identity_schema_version": 0
        }
      ]
    },
    {
      "mode": "managed",
      "type": "frostmoln_vpc",
      "name": "main",
      "provider": "provider[\"registry.terraform.io/frostmoln/frostmoln\"]",
      "instances": [
        {
          "schema_version": 0,
          "attributes": {
            "cidr": "10.0.0.0/16",
            "created_at": "2026-09-21T11:16:59Z",
            "description": null,
            "id": "ec7e720d-22b0-43e6-a56d-7dd3dadb802c",
            "is_default": false,
            "name": "bilcool-dev-vpc",
            "status": "active",
            "subnet_count": 0,
            "tags": null,
            "tags_all": {},
            "timeouts": null,
            "updated_at": "2026-09-21T11:51:14Z"
          },
          "sensitive_attributes": [],
          "identity_schema_version": 0
        }
      ]
    }
  ],
  "check_results": null
}
